
Microsoft Visual Studio Solution File, Format Version 12.00
Project("{FAE04EC0-301F-11D3-BF4B-00C04F79EFBC}") = "PtvSharp", "PtvSharp\PtvSharp.csproj", "{52DB1E74-B095-4D04-B739-2883B3AB6F01}"
EndProject
Global
	GlobalSection(SolutionConfigurationPlatforms) = preSolution
		Debug|Any CPU = Debug|Any CPU
		Release|Any CPU = Release|Any CPU
	EndGlobalSection
	GlobalSection(ProjectConfigurationPlatforms) = postSolution
		{52DB1E74-B095-4D04-B739-2883B3AB6F01}.Debug|Any CPU.ActiveCfg = Debug|Any CPU
		{52DB1E74-B095-4D04-B739-2883B3AB6F01}.Debug|Any CPU.Build.0 = Debug|Any CPU
		{52DB1E74-B095-4D04-B739-2883B3AB6F01}.Release|Any CPU.ActiveCfg = Release|Any CPU
		{52DB1E74-B095-4D04-B739-2883B3AB6F01}.Release|Any CPU.Build.0 = Release|Any CPU
	EndGlobalSection
EndGlobal
